
Microsoft Visual Studio Solution File, Format Version 12.00
# Visual Studio Version 17
VisualStudioVersion = 17.14.36616.10
MinimumVisualStudioVersion = 10.0.40219.1
Project("{2150E333-8FDC-42A3-9474-1A3956D46DE8}") = "Bootstrapper", "Bootstrapper", "{02EA681E-C7D8-13C7-8484-4AC65E1B71E8}"
EndProject
Project("{2150E333-8FDC-42A3-9474-1A3956D46DE8}") = "Modules", "Modules", "{0E5F4EFC-D070-48FF-BDD8-CC42271E7C29}"
EndProject
Project("{2150E333-8FDC-42A3-9474-1A3956D46DE8}") = "Shared", "Shared", "{290EFCCA-ADA2-476B-849C-96D266238EBF}"
EndProject
Project("{FAE04EC0-301F-11D3-BF4B-00C04F79EFBC}") = "Helix.Api", "src\Bootstrapper\Helix.Api\Helix.Api.csproj", "{1DD55C06-3D6D-47E9-BF40-8B63BD00C6DD}"
EndProject
Project("{2150E333-8FDC-42A3-9474-1A3956D46DE8}") = "Chat", "Chat", "{1AEADEC9-F599-4039-BBF5-F94B4281B2D3}"
EndProject
Project("{2150E333-8FDC-42A3-9474-1A3956D46DE8}") = "src", "src", "{8FE4B738-43ED-4E97-9A07-A83E9109AD73}"
EndProject
Project("{2150E333-8FDC-42A3-9474-1A3956D46DE8}") = "tests", "tests", "{9C26EEE4-53BE-48D2-B954-7CA5F5C46DF8}"
EndProject
Project("{FAE04EC0-301F-11D3-BF4B-00C04F79EFBC}") = "Helix.Chat.Domain", "src\Modules\Chat\src\Helix.Chat.Domain\Helix.Chat.Domain.csproj", "{B81D5EC7-B18C-4006-B9B2-224812A209CF}"
EndProject
Project("{FAE04EC0-301F-11D3-BF4B-00C04F79EFBC}") = "Helix.Chat.Application", "src\Modules\Chat\src\Helix.Chat.Application\Helix.Chat.Application.csproj", "{F9EA05B8-71B8-4F3C-BF18-115FF744A66B}"
EndProject
Project("{FAE04EC0-301F-11D3-BF4B-00C04F79EFBC}") = "Helix.Chat.Endpoints", "src\Modules\Chat\src\Helix.Chat.Endpoints\Helix.Chat.Endpoints.csproj", "{B9E15739-00DC-4339-94E6-BDF2365E7505}"
EndProject
Project("{FAE04EC0-301F-11D3-BF4B-00C04F79EFBC}") = "Helix.Chat.Infra.Data.EF", "src\Modules\Chat\src\Helix.Chat.Infra.Data.EF\Helix.Chat.Infra.Data.EF.csproj", "{CE6762F2-27CD-4E4E-A0F3-0B2FE8FD7778}"
EndProject
Project("{FAE04EC0-301F-11D3-BF4B-00C04F79EFBC}") = "Helix.Chat.Infra.Data.MD", "src\Modules\Chat\src\Helix.Chat.Infra.Data.MD\Helix.Chat.Infra.Data.MD.csproj", "{C1099821-0553-4FA9-BF7D-B18EC8628D9C}"
EndProject
Project("{FAE04EC0-301F-11D3-BF4B-00C04F79EFBC}") = "Helix.Chat.Infra.Orleans", "src\Modules\Chat\src\Helix.Chat.Infra.Orleans\Helix.Chat.Infra.Orleans.csproj", "{1F1B8326-AB83-43CC-BAC5-A4787F29918D}"
EndProject
Project("{2150E333-8FDC-42A3-9474-1A3956D46DE8}") = "Events", "Events", "{6464FC2F-E32F-429F-9439-AE32D19131FC}"
EndProject
Project("{2150E333-8FDC-42A3-9474-1A3956D46DE8}") = "src", "src", "{0F315044-06B0-4BAA-9035-C545F6852659}"
EndProject
Project("{2150E333-8FDC-42A3-9474-1A3956D46DE8}") = "tests", "tests", "{6DD21F95-A55A-4E7C-B804-92A5BAD44968}"
EndProject
Project("{FAE04EC0-301F-11D3-BF4B-00C04F79EFBC}") = "Helix.Events.Domain", "src\Modules\Events\src\Helix.Events.Domain\Helix.Events.Domain.csproj", "{107984CA-F597-460F-8F32-025CC6F5BC83}"
EndProject
Project("{FAE04EC0-301F-11D3-BF4B-00C04F79EFBC}") = "Helix.Events.Application", "src\Modules\Events\src\Helix.Events.Application\Helix.Events.Application.csproj", "{0C262FFC-22B8-4DB0-8D51-ED41C7BEA8B7}"
EndProject
Project("{FAE04EC0-301F-11D3-BF4B-00C04F79EFBC}") = "Helix.Events.Endpoints", "src\Modules\Events\src\Helix.Events.Endpoints\Helix.Events.Endpoints.csproj", "{27F65239-5CDA-4F60-BC42-5F308673A65F}"
EndProject
Project("{FAE04EC0-301F-11D3-BF4B-00C04F79EFBC}") = "Helix.Events.Infra.Data.EF", "src\Modules\Events\src\Helix.Events.Infra.Data.EF\Helix.Events.Infra.Data.EF.csproj", "{14569568-E774-468C-BBFB-B92EB5A6F5B8}"
EndProject
Project("{FAE04EC0-301F-11D3-BF4B-00C04F79EFBC}") = "Helix.Events.Infra.Data.MD", "src\Modules\Events\src\Helix.Events.Infra.Data.MD\Helix.Events.Infra.Data.MD.csproj", "{1A6433AB-91BA-40B7-9F2A-C59E3B049B7B}"
EndProject
Project("{FAE04EC0-301F-11D3-BF4B-00C04F79EFBC}") = "Helix.Events.Infra.Orleans", "src\Modules\Events\src\Helix.Events.Infra.Orleans\Helix.Events.Infra.Orleans.csproj", "{5EFAA527-08CD-40A9-8567-8332005CE1F2}"
EndProject
Project("{FAE04EC0-301F-11D3-BF4B-00C04F79EFBC}") = "Shared.Domain", "src\Shared\Shared.Domain\Shared.Domain.csproj", "{17DED41A-15E6-4ED2-94A9-344A36AD5F46}"
EndProject
Project("{FAE04EC0-301F-11D3-BF4B-00C04F79EFBC}") = "Helix.Chat.UnitTests", "src\Modules\Chat\tests\Helix.Chat.UnitTests\Helix.Chat.UnitTests\Helix.Chat.UnitTests.csproj", "{32B01F28-D071-468C-AEDB-A6D89F11929A}"
EndProject
Project("{FAE04EC0-301F-11D3-BF4B-00C04F79EFBC}") = "Helix.Chat.IntegrationTests", "src\Modules\Chat\tests\Helix.Chat.IntegrationTests\Helix.Chat.IntegrationTests\Helix.Chat.IntegrationTests.csproj", "{5E8A29D3-27FA-4BFC-AEAC-B3144029A344}"
EndProject
Project("{FAE04EC0-301F-11D3-BF4B-00C04F79EFBC}") = "Helix.Chat.EndToEndTests", "src\Modules\Chat\tests\Helix.Chat.EndToEndTests\Helix.Chat.EndToEndTests\Helix.Chat.EndToEndTests.csproj", "{DE4CCE29-9B05-4A62-8054-245A2B738063}"
EndProject
Project("{FAE04EC0-301F-11D3-BF4B-00C04F79EFBC}") = "Helix.Events.UnitTests", "src\Modules\Events\tests\Helix.Events.UnitTests\Helix.Events.UnitTests\Helix.Events.UnitTests.csproj", "{590F8D3C-70AB-4FF7-BCCF-1A4FE8C7C714}"
EndProject
Project("{FAE04EC0-301F-11D3-BF4B-00C04F79EFBC}") = "Helix.Events.IntegrationTests", "src\Modules\Events\tests\Helix.Events.IntegrationTests\Helix.Events.IntegrationTests\Helix.Events.IntegrationTests.csproj", "{690BEAC3-C3C4-421B-93BB-A632451AD5E9}"
EndProject
Project("{FAE04EC0-301F-11D3-BF4B-00C04F79EFBC}") = "Helix.Events.EndToEndTests", "src\Modules\Events\tests\Helix.Events.EndToEndTests\Helix.Events.EndToEndTests\Helix.Events.EndToEndTests.csproj", "{3D43BBDC-1761-4C26-8AAB-29F0069C60CC}"
EndProject
Global
	GlobalSection(SolutionConfigurationPlatforms) = preSolution
		Debug|Any CPU = Debug|Any CPU
		Release|Any CPU = Release|Any CPU
	EndGlobalSection
	GlobalSection(ProjectConfigurationPlatforms) = postSolution
		{1DD55C06-3D6D-47E9-BF40-8B63BD00C6DD}.Debug|Any CPU.ActiveCfg = Debug|Any CPU
		{1DD55C06-3D6D-47E9-BF40-8B63BD00C6DD}.Debug|Any CPU.Build.0 = Debug|Any CPU
		{1DD55C06-3D6D-47E9-BF40-8B63BD00C6DD}.Release|Any CPU.ActiveCfg = Release|Any CPU
		{1DD55C06-3D6D-47E9-BF40-8B63BD00C6DD}.Release|Any CPU.Build.0 = Release|Any CPU
		{B81D5EC7-B18C-4006-B9B2-224812A209CF}.Debug|Any CPU.ActiveCfg = Debug|Any CPU
		{B81D5EC7-B18C-4006-B9B2-224812A209CF}.Debug|Any CPU.Build.0 = Debug|Any CPU
		{B81D5EC7-B18C-4006-B9B2-224812A209CF}.Release|Any CPU.ActiveCfg = Release|Any CPU
		{B81D5EC7-B18C-4006-B9B2-224812A209CF}.Release|Any CPU.Build.0 = Release|Any CPU
		{F9EA05B8-71B8-4F3C-BF18-115FF744A66B}.Debug|Any CPU.ActiveCfg = Debug|Any CPU
		{F9EA05B8-71B8-4F3C-BF18-115FF744A66B}.Debug|Any CPU.Build.0 = Debug|Any CPU
		{F9EA05B8-71B8-4F3C-BF18-115FF744A66B}.Release|Any CPU.ActiveCfg = Release|Any CPU
		{F9EA05B8-71B8-4F3C-BF18-115FF744A66B}.Release|Any CPU.Build.0 = Release|Any CPU
		{B9E15739-00DC-4339-94E6-BDF2365E7505}.Debug|Any CPU.ActiveCfg = Debug|Any CPU
		{B9E15739-00DC-4339-94E6-BDF2365E7505}.Debug|Any CPU.Build.0 = Debug|Any CPU
		{B9E15739-00DC-4339-94E6-BDF2365E7505}.Release|Any CPU.ActiveCfg = Release|Any CPU
		{B9E15739-00DC-4339-94E6-BDF2365E7505}.Release|Any CPU.Build.0 = Release|Any CPU
		{CE6762F2-27CD-4E4E-A0F3-0B2FE8FD7778}.Debug|Any CPU.ActiveCfg = Debug|Any CPU
		{CE6762F2-27CD-4E4E-A0F3-0B2FE8FD7778}.Debug|Any CPU.Build.0 = Debug|Any CPU
		{CE6762F2-27CD-4E4E-A0F3-0B2FE8FD7778}.Release|Any CPU.ActiveCfg = Release|Any CPU
		{CE6762F2-27CD-4E4E-A0F3-0B2FE8FD7778}.Release|Any CPU.Build.0 = Release|Any CPU
		{C1099821-0553-4FA9-BF7D-B18EC8628D9C}.Debug|Any CPU.ActiveCfg = Debug|Any CPU
		{C1099821-0553-4FA9-BF7D-B18EC8628D9C}.Debug|Any CPU.Build.0 = Debug|Any CPU
		{C1099821-0553-4FA9-BF7D-B18EC8628D9C}.Release|Any CPU.ActiveCfg = Release|Any CPU
		{C1099821-0553-4FA9-BF7D-B18EC8628D9C}.Release|Any CPU.Build.0 = Release|Any CPU
		{1F1B8326-AB83-43CC-BAC5-A4787F29918D}.Debug|Any CPU.ActiveCfg = Debug|Any CPU
		{1F1B8326-AB83-43CC-BAC5-A4787F29918D}.Debug|Any CPU.Build.0 = Debug|Any CPU
		{1F1B8326-AB83-43CC-BAC5-A4787F29918D}.Release|Any CPU.ActiveCfg = Release|Any CPU
		{1F1B8326-AB83-43CC-BAC5-A4787F29918D}.Release|Any CPU.Build.0 = Release|Any CPU
		{107984CA-F597-460F-8F32-025CC6F5BC83}.Debug|Any CPU.ActiveCfg = Debug|Any CPU
		{107984CA-F597-460F-8F32-025CC6F5BC83}.Debug|Any CPU.Build.0 = Debug|Any CPU
		{107984CA-F597-460F-8F32-025CC6F5BC83}.Release|Any CPU.ActiveCfg = Release|Any CPU
		{107984CA-F597-460F-8F32-025CC6F5BC83}.Release|Any CPU.Build.0 = Release|Any CPU
		{0C262FFC-22B8-4DB0-8D51-ED41C7BEA8B7}.Debug|Any CPU.ActiveCfg = Debug|Any CPU
		{0C262FFC-22B8-4DB0-8D51-ED41C7BEA8B7}.Debug|Any CPU.Build.0 = Debug|Any CPU
		{0C262FFC-22B8-4DB0-8D51-ED41C7BEA8B7}.Release|Any CPU.ActiveCfg = Release|Any CPU
		{0C262FFC-22B8-4DB0-8D51-ED41C7BEA8B7}.Release|Any CPU.Build.0 = Release|Any CPU
		{27F65239-5CDA-4F60-BC42-5F308673A65F}.Debug|Any CPU.ActiveCfg = Debug|Any CPU
		{27F65239-5CDA-4F60-BC42-5F308673A65F}.Debug|Any CPU.Build.0 = Debug|Any CPU
		{27F65239-5CDA-4F60-BC42-5F308673A65F}.Release|Any CPU.ActiveCfg = Release|Any CPU
		{27F65239-5CDA-4F60-BC42-5F308673A65F}.Release|Any CPU.Build.0 = Release|Any CPU
		{14569568-E774-468C-BBFB-B92EB5A6F5B8}.Debug|Any CPU.ActiveCfg = Debug|Any CPU
		{14569568-E774-468C-BBFB-B92EB5A6F5B8}.Debug|Any CPU.Build.0 = Debug|Any CPU
		{14569568-E774-468C-BBFB-B92EB5A6F5B8}.Release|Any CPU.ActiveCfg = Release|Any CPU
		{14569568-E774-468C-BBFB-B92EB5A6F5B8}.Release|Any CPU.Build.0 = Release|Any CPU
		{1A6433AB-91BA-40B7-9F2A-C59E3B049B7B}.Debug|Any CPU.ActiveCfg = Debug|Any CPU
		{1A6433AB-91BA-40B7-9F2A-C59E3B049B7B}.Debug|Any CPU.Build.0 = Debug|Any CPU
		{1A6433AB-91BA-40B7-9F2A-C59E3B049B7B}.Release|Any CPU.ActiveCfg = Release|Any CPU
		{1A6433AB-91BA-40B7-9F2A-C59E3B049B7B}.Release|Any CPU.Build.0 = Release|Any CPU
		{5EFAA527-08CD-40A9-8567-8332005CE1F2}.Debug|Any CPU.ActiveCfg = Debug|Any CPU
		{5EFAA527-08CD-40A9-8567-8332005CE1F2}.Debug|Any CPU.Build.0 = Debug|Any CPU
		{5EFAA527-08CD-40A9-8567-8332005CE1F2}.Release|Any CPU.ActiveCfg = Release|Any CPU
		{5EFAA527-08CD-40A9-8567-8332005CE1F2}.Release|Any CPU.Build.0 = Release|Any CPU
		{17DED41A-15E6-4ED2-94A9-344A36AD5F46}.Debug|Any CPU.ActiveCfg = Debug|Any CPU
		{17DED41A-15E6-4ED2-94A9-344A36AD5F46}.Debug|Any CPU.Build.0 = Debug|Any CPU
		{17DED41A-15E6-4ED2-94A9-344A36AD5F46}.Release|Any CPU.ActiveCfg = Release|Any CPU
		{17DED41A-15E6-4ED2-94A9-344A36AD5F46}.Release|Any CPU.Build.0 = Release|Any CPU
		{32B01F28-D071-468C-AEDB-A6D89F11929A}.Debug|Any CPU.ActiveCfg = Debug|Any CPU
		{32B01F28-D071-468C-AEDB-A6D89F11929A}.Debug|Any CPU.Build.0 = Debug|Any CPU
		{32B01F28-D071-468C-AEDB-A6D89F11929A}.Release|Any CPU.ActiveCfg = Release|Any CPU
		{32B01F28-D071-468C-AEDB-A6D89F11929A}.Release|Any CPU.Build.0 = Release|Any CPU
		{5E8A29D3-27FA-4BFC-AEAC-B3144029A344}.Debug|Any CPU.ActiveCfg = Debug|Any CPU
		{5E8A29D3-27FA-4BFC-AEAC-B3144029A344}.Debug|Any CPU.Build.0 = Debug|Any CPU
		{5E8A29D3-27FA-4BFC-AEAC-B3144029A344}.Release|Any CPU.ActiveCfg = Release|Any CPU
		{5E8A29D3-27FA-4BFC-AEAC-B3144029A344}.Release|Any CPU.Build.0 = Release|Any CPU
		{DE4CCE29-9B05-4A62-8054-245A2B738063}.Debug|Any CPU.ActiveCfg = Debug|Any CPU
		{DE4CCE29-9B05-4A62-8054-245A2B738063}.Debug|Any CPU.Build.0 = Debug|Any CPU
		{DE4CCE29-9B05-4A62-8054-245A2B738063}.Release|Any CPU.ActiveCfg = Release|Any CPU
		{DE4CCE29-9B05-4A62-8054-245A2B738063}.Release|Any CPU.Build.0 = Release|Any CPU
		{590F8D3C-70AB-4FF7-BCCF-1A4FE8C7C714}.Debug|Any CPU.ActiveCfg = Debug|Any CPU
		{590F8D3C-70AB-4FF7-BCCF-1A4FE8C7C714}.Debug|Any CPU.Build.0 = Debug|Any CPU
		{590F8D3C-70AB-4FF7-BCCF-1A4FE8C7C714}.Release|Any CPU.ActiveCfg = Release|Any CPU
		{590F8D3C-70AB-4FF7-BCCF-1A4FE8C7C714}.Release|Any CPU.Build.0 = Release|Any CPU
		{690BEAC3-C3C4-421B-93BB-A632451AD5E9}.Debug|Any CPU.ActiveCfg = Debug|Any CPU
		{690BEAC3-C3C4-421B-93BB-A632451AD5E9}.Debug|Any CPU.Build.0 = Debug|Any CPU
		{690BEAC3-C3C4-421B-93BB-A632451AD5E9}.Release|Any CPU.ActiveCfg = Release|Any CPU
		{690BEAC3-C3C4-421B-93BB-A632451AD5E9}.Release|Any CPU.Build.0 = Release|Any CPU
		{3D43BBDC-1761-4C26-8AAB-29F0069C60CC}.Debug|Any CPU.ActiveCfg = Debug|Any CPU
		{3D43BBDC-1761-4C26-8AAB-29F0069C60CC}.Debug|Any CPU.Build.0 = Debug|Any CPU
		{3D43BBDC-1761-4C26-8AAB-29F0069C60CC}.Release|Any CPU.ActiveCfg = Release|Any CPU
		{3D43BBDC-1761-4C26-8AAB-29F0069C60CC}.Release|Any CPU.Build.0 = Release|Any CPU
	EndGlobalSection
	GlobalSection(SolutionProperties) = preSolution
		HideSolutionNode = FALSE
	EndGlobalSection
	GlobalSection(NestedProjects) = preSolution
		{1DD55C06-3D6D-47E9-BF40-8B63BD00C6DD} = {02EA681E-C7D8-13C7-8484-4AC65E1B71E8}
		{1AEADEC9-F599-4039-BBF5-F94B4281B2D3} = {0E5F4EFC-D070-48FF-BDD8-CC42271E7C29}
		{8FE4B738-43ED-4E97-9A07-A83E9109AD73} = {1AEADEC9-F599-4039-BBF5-F94B4281B2D3}
		{9C26EEE4-53BE-48D2-B954-7CA5F5C46DF8} = {1AEADEC9-F599-4039-BBF5-F94B4281B2D3}
		{B81D5EC7-B18C-4006-B9B2-224812A209CF} = {8FE4B738-43ED-4E97-9A07-A83E9109AD73}
		{F9EA05B8-71B8-4F3C-BF18-115FF744A66B} = {8FE4B738-43ED-4E97-9A07-A83E9109AD73}
		{B9E15739-00DC-4339-94E6-BDF2365E7505} = {8FE4B738-43ED-4E97-9A07-A83E9109AD73}
		{CE6762F2-27CD-4E4E-A0F3-0B2FE8FD7778} = {8FE4B738-43ED-4E97-9A07-A83E9109AD73}
		{C1099821-0553-4FA9-BF7D-B18EC8628D9C} = {8FE4B738-43ED-4E97-9A07-A83E9109AD73}
		{1F1B8326-AB83-43CC-BAC5-A4787F29918D} = {8FE4B738-43ED-4E97-9A07-A83E9109AD73}
		{6464FC2F-E32F-429F-9439-AE32D19131FC} = {0E5F4EFC-D070-48FF-BDD8-CC42271E7C29}
		{0F315044-06B0-4BAA-9035-C545F6852659} = {6464FC2F-E32F-429F-9439-AE32D19131FC}
		{6DD21F95-A55A-4E7C-B804-92A5BAD44968} = {6464FC2F-E32F-429F-9439-AE32D19131FC}
		{107984CA-F597-460F-8F32-025CC6F5BC83} = {0F315044-06B0-4BAA-9035-C545F6852659}
		{0C262FFC-22B8-4DB0-8D51-ED41C7BEA8B7} = {0F315044-06B0-4BAA-9035-C545F6852659}
		{27F65239-5CDA-4F60-BC42-5F308673A65F} = {0F315044-06B0-4BAA-9035-C545F6852659}
		{14569568-E774-468C-BBFB-B92EB5A6F5B8} = {0F315044-06B0-4BAA-9035-C545F6852659}
		{1A6433AB-91BA-40B7-9F2A-C59E3B049B7B} = {0F315044-06B0-4BAA-9035-C545F6852659}
		{5EFAA527-08CD-40A9-8567-8332005CE1F2} = {0F315044-06B0-4BAA-9035-C545F6852659}
		{17DED41A-15E6-4ED2-94A9-344A36AD5F46} = {290EFCCA-ADA2-476B-849C-96D266238EBF}
		{32B01F28-D071-468C-AEDB-A6D89F11929A} = {9C26EEE4-53BE-48D2-B954-7CA5F5C46DF8}
		{5E8A29D3-27FA-4BFC-AEAC-B3144029A344} = {9C26EEE4-53BE-48D2-B954-7CA5F5C46DF8}
		{DE4CCE29-9B05-4A62-8054-245A2B738063} = {9C26EEE4-53BE-48D2-B954-7CA5F5C46DF8}
		{590F8D3C-70AB-4FF7-BCCF-1A4FE8C7C714} = {6DD21F95-A55A-4E7C-B804-92A5BAD44968}
		{690BEAC3-C3C4-421B-93BB-A632451AD5E9} = {6DD21F95-A55A-4E7C-B804-92A5BAD44968}
		{3D43BBDC-1761-4C26-8AAB-29F0069C60CC} = {6DD21F95-A55A-4E7C-B804-92A5BAD44968}
	EndGlobalSection
	GlobalSection(ExtensibilityGlobals) = postSolution
		SolutionGuid = {9EA383AA-DFA7-4D79-9715-395FB438592A}
	EndGlobalSection
EndGlobal
